
Microsoft Visual Studio Solution File, Format Version 12.00
# Visual Studio 2013
VisualStudioVersion = 12.0.31101.0
MinimumVisualStudioVersion = 10.0.40219.1
Project("{FAE04EC0-301F-11D3-BF4B-00C04F79EFBC}") = "TestPrograms", "TestPrograms\TestPrograms.csproj", "{EF79CF42-35FF-4576-A131-C8C74DF045A6}"
EndProject
Project("{FAE04EC0-301F-11D3-BF4B-00C04F79EFBC}") = "NUnit", "NUnit\NUnit.csproj", "{C109CE0A-F854-407D-8CC3-9686601DCDF5}"
EndProject
Project("{FAE04EC0-301F-11D3-BF4B-00C04F79EFBC}") = "Generic", "Generic\Generic.csproj", "{9F5AF55E-53C3-4974-9B90-50E520E68B3F}"
EndProject
Project("{FAE04EC0-301F-11D3-BF4B-00C04F79EFBC}") = "MSTest", "MSTest\MSTest.csproj", "{2DB10473-E738-41B9-9F30-C3FBBF12310B}"
EndProject
Project("{FAE04EC0-301F-11D3-BF4B-00C04F79EFBC}") = "xUnit", "xUnit\xUnit.csproj", "{30B2F36C-C66C-49E6-8065-40A38582D8AA}"
EndProject
Project("{FAE04EC0-301F-11D3-BF4B-00C04F79EFBC}") = "MSpec", "MSpec\MSpec.csproj", "{7FA46F2A-7E0E-4DA7-8CD6-D1F2F7E69368}"
EndProject
Project("{FAE04EC0-301F-11D3-BF4B-00C04F79EFBC}") = "csUnit", "csUnit\csUnit.csproj", "{F50425B6-865D-4697-90AA-73186FF0B97B}"
EndProject
Project("{FAE04EC0-301F-11D3-BF4B-00C04F79EFBC}") = "Support", "Support\Support.csproj", "{893092C3-C900-46DA-893D-206AF6595C8F}"
EndProject
Project("{FAE04EC0-301F-11D3-BF4B-00C04F79EFBC}") = "Framework35Tests", "Framework35Tests\Framework35Tests.csproj", "{F7967891-C91A-4DCB-A007-754BD04326FB}"
EndProject
Global
	GlobalSection(SolutionConfigurationPlatforms) = preSolution
		Debug|Any CPU = Debug|Any CPU
		Release|Any CPU = Release|Any CPU
	EndGlobalSection
	GlobalSection(ProjectConfigurationPlatforms) = postSolution
		{EF79CF42-35FF-4576-A131-C8C74DF045A6}.Debug|Any CPU.ActiveCfg = Debug|Any CPU
		{EF79CF42-35FF-4576-A131-C8C74DF045A6}.Debug|Any CPU.Build.0 = Debug|Any CPU
		{EF79CF42-35FF-4576-A131-C8C74DF045A6}.Release|Any CPU.ActiveCfg = Release|Any CPU
		{EF79CF42-35FF-4576-A131-C8C74DF045A6}.Release|Any CPU.Build.0 = Release|Any CPU
		{C109CE0A-F854-407D-8CC3-9686601DCDF5}.Debug|Any CPU.ActiveCfg = Debug|Any CPU
		{C109CE0A-F854-407D-8CC3-9686601DCDF5}.Debug|Any CPU.Build.0 = Debug|Any CPU
		{C109CE0A-F854-407D-8CC3-9686601DCDF5}.Release|Any CPU.ActiveCfg = Release|Any CPU
		{C109CE0A-F854-407D-8CC3-9686601DCDF5}.Release|Any CPU.Build.0 = Release|Any CPU
		{9F5AF55E-53C3-4974-9B90-50E520E68B3F}.Debug|Any CPU.ActiveCfg = Debug|Any CPU
		{9F5AF55E-53C3-4974-9B90-50E520E68B3F}.Debug|Any CPU.Build.0 = Debug|Any CPU
		{9F5AF55E-53C3-4974-9B90-50E520E68B3F}.Release|Any CPU.ActiveCfg = Release|Any CPU
		{9F5AF55E-53C3-4974-9B90-50E520E68B3F}.Release|Any CPU.Build.0 = Release|Any CPU
		{2DB10473-E738-41B9-9F30-C3FBBF12310B}.Debug|Any CPU.ActiveCfg = Debug|Any CPU
		{2DB10473-E738-41B9-9F30-C3FBBF12310B}.Debug|Any CPU.Build.0 = Debug|Any CPU
		{2DB10473-E738-41B9-9F30-C3FBBF12310B}.Release|Any CPU.ActiveCfg = Release|Any CPU
		{2DB10473-E738-41B9-9F30-C3FBBF12310B}.Release|Any CPU.Build.0 = Release|Any CPU
		{30B2F36C-C66C-49E6-8065-40A38582D8AA}.Debug|Any CPU.ActiveCfg = Debug|Any CPU
		{30B2F36C-C66C-49E6-8065-40A38582D8AA}.Debug|Any CPU.Build.0 = Debug|Any CPU
		{30B2F36C-C66C-49E6-8065-40A38582D8AA}.Release|Any CPU.ActiveCfg = Release|Any CPU
		{30B2F36C-C66C-49E6-8065-40A38582D8AA}.Release|Any CPU.Build.0 = Release|Any CPU
		{7FA46F2A-7E0E-4DA7-8CD6-D1F2F7E69368}.Debug|Any CPU.ActiveCfg = Debug|Any CPU
		{7FA46F2A-7E0E-4DA7-8CD6-D1F2F7E69368}.Debug|Any CPU.Build.0 = Debug|Any CPU
		{7FA46F2A-7E0E-4DA7-8CD6-D1F2F7E69368}.Release|Any CPU.ActiveCfg = Release|Any CPU
		{7FA46F2A-7E0E-4DA7-8CD6-D1F2F7E69368}.Release|Any CPU.Build.0 = Release|Any CPU
		{F50425B6-865D-4697-90AA-73186FF0B97B}.Debug|Any CPU.ActiveCfg = Debug|Any CPU
		{F50425B6-865D-4697-90AA-73186FF0B97B}.Debug|Any CPU.Build.0 = Debug|Any CPU
		{F50425B6-865D-4697-90AA-73186FF0B97B}.Release|Any CPU.ActiveCfg = Release|Any CPU
		{F50425B6-865D-4697-90AA-73186FF0B97B}.Release|Any CPU.Build.0 = Release|Any CPU
		{893092C3-C900-46DA-893D-206AF6595C8F}.Debug|Any CPU.ActiveCfg = Debug|Any CPU
		{893092C3-C900-46DA-893D-206AF6595C8F}.Debug|Any CPU.Build.0 = Debug|Any CPU
		{893092C3-C900-46DA-893D-206AF6595C8F}.Release|Any CPU.ActiveCfg = Release|Any CPU
		{893092C3-C900-46DA-893D-206AF6595C8F}.Release|Any CPU.Build.0 = Release|Any CPU
		{F7967891-C91A-4DCB-A007-754BD04326FB}.Debug|Any CPU.ActiveCfg = Debug|Any CPU
		{F7967891-C91A-4DCB-A007-754BD04326FB}.Debug|Any CPU.Build.0 = Debug|Any CPU
		{F7967891-C91A-4DCB-A007-754BD04326FB}.Release|Any CPU.ActiveCfg = Release|Any CPU
		{F7967891-C91A-4DCB-A007-754BD04326FB}.Release|Any CPU.Build.0 = Release|Any CPU
	EndGlobalSection
	GlobalSection(SolutionProperties) = preSolution
		HideSolutionNode = FALSE
	EndGlobalSection
EndGlobal
